PODS:
  - AparajitaCapacitorBiometricAuth (9.1.2):
    - Capacitor
  - Capacitor (7.6.6):
    - CapacitorCordova
  - CapacitorApp (7.1.1):
    - Capacitor
  - CapacitorBrowser (7.0.5):
    - Capacitor
  - CapacitorCamera (7.0.3):
    - Capacitor
  - CapacitorCommunityAppleSignIn (7.1.0):
    - Capacitor
  - CapacitorCommunityContacts (7.2.0):
    - Capacitor
  - CapacitorCommunityInAppReview (7.1.0):
    - Capacitor
  - CapacitorCommunityPrivacyScreen (8.0.0):
    - Capacitor
  - CapacitorCordova (7.6.6)
  - CapacitorGeolocation (7.1.8):
    - Capacitor
    - IONGeolocationLib (= 1.0.1)
  - CapacitorHaptics (7.0.3):
    - Capacitor
  - CapacitorKeyboard (7.0.4):
    - Capacitor
  - CapacitorLocalNotifications (7.0.6):
    - Capacitor
  - CapacitorNetwork (7.0.4):
    - Capacitor
  - CapacitorPreferences (8.0.1):
    - Capacitor
  - CapacitorPushNotifications (7.0.6):
    - Capacitor
  - CapacitorShare (7.0.4):
    - Capacitor
  - CapacitorSplashScreen (7.0.4):
    - Capacitor
  - CapacitorStatusBar (7.0.4):
    - Capacitor
  - CapawesomeCapacitorBadge (7.0.1):
    - Capacitor
  - CordovaPlugins (7.5.0):
    - CapacitorCordova
  - IONGeolocationLib (1.0.1)

DEPENDENCIES:
  - "AparajitaCapacitorBiometricAuth (from `../../node_modules/@aparajita/capacitor-biometric-auth`)"
  - "Capacitor (from `../../node_modules/@capacitor/ios`)"
  - "CapacitorApp (from `../../node_modules/@capacitor/app`)"
  - "CapacitorBrowser (from `../../node_modules/@capacitor/browser`)"
  - "CapacitorCamera (from `../../node_modules/@capacitor/camera`)"
  - "CapacitorCommunityAppleSignIn (from `../../node_modules/@capacitor-community/apple-sign-in`)"
  - "CapacitorCommunityContacts (from `../../node_modules/@capacitor-community/contacts`)"
  - "CapacitorCommunityInAppReview (from `../../node_modules/@capacitor-community/in-app-review`)"
  - "CapacitorCommunityPrivacyScreen (from `../../node_modules/@capacitor-community/privacy-screen`)"
  - "CapacitorCordova (from `../../node_modules/@capacitor/ios`)"
  - "CapacitorGeolocation (from `../../node_modules/@capacitor/geolocation`)"
  - "CapacitorHaptics (from `../../node_modules/@capacitor/haptics`)"
  - "CapacitorKeyboard (from `../../node_modules/@capacitor/keyboard`)"
  - "CapacitorLocalNotifications (from `../../node_modules/@capacitor/local-notifications`)"
  - "CapacitorNetwork (from `../../node_modules/@capacitor/network`)"
  - "CapacitorPreferences (from `../../node_modules/@capacitor/preferences`)"
  - "CapacitorPushNotifications (from `../../node_modules/@capacitor/push-notifications`)"
  - "CapacitorShare (from `../../node_modules/@capacitor/share`)"
  - "CapacitorSplashScreen (from `../../node_modules/@capacitor/splash-screen`)"
  - "CapacitorStatusBar (from `../../node_modules/@capacitor/status-bar`)"
  - "CapawesomeCapacitorBadge (from `../../node_modules/@capawesome/capacitor-badge`)"
  - CordovaPlugins (from `../capacitor-cordova-ios-plugins`)

SPEC REPOS:
  trunk:
    - IONGeolocationLib

EXTERNAL SOURCES:
  AparajitaCapacitorBiometricAuth:
    :path: "../../node_modules/@aparajita/capacitor-biometric-auth"
  Capacitor:
    :path: "../../node_modules/@capacitor/ios"
  CapacitorApp:
    :path: "../../node_modules/@capacitor/app"
  CapacitorBrowser:
    :path: "../../node_modules/@capacitor/browser"
  CapacitorCamera:
    :path: "../../node_modules/@capacitor/camera"
  CapacitorCommunityAppleSignIn:
    :path: "../../node_modules/@capacitor-community/apple-sign-in"
  CapacitorCommunityContacts:
    :path: "../../node_modules/@capacitor-community/contacts"
  CapacitorCommunityInAppReview:
    :path: "../../node_modules/@capacitor-community/in-app-review"
  CapacitorCommunityPrivacyScreen:
    :path: "../../node_modules/@capacitor-community/privacy-screen"
  CapacitorCordova:
    :path: "../../node_modules/@capacitor/ios"
  CapacitorGeolocation:
    :path: "../../node_modules/@capacitor/geolocation"
  CapacitorHaptics:
    :path: "../../node_modules/@capacitor/haptics"
  CapacitorKeyboard:
    :path: "../../node_modules/@capacitor/keyboard"
  CapacitorLocalNotifications:
    :path: "../../node_modules/@capacitor/local-notifications"
  CapacitorNetwork:
    :path: "../../node_modules/@capacitor/network"
  CapacitorPreferences:
    :path: "../../node_modules/@capacitor/preferences"
  CapacitorPushNotifications:
    :path: "../../node_modules/@capacitor/push-notifications"
  CapacitorShare:
    :path: "../../node_modules/@capacitor/share"
  CapacitorSplashScreen:
    :path: "../../node_modules/@capacitor/splash-screen"
  CapacitorStatusBar:
    :path: "../../node_modules/@capacitor/status-bar"
  CapawesomeCapacitorBadge:
    :path: "../../node_modules/@capawesome/capacitor-badge"
  CordovaPlugins:
    :path: "../capacitor-cordova-ios-plugins"

SPEC CHECKSUMS:
  AparajitaCapacitorBiometricAuth: 99cdefca494a247c5d728a66df21d6f0b02a658e
  Capacitor: 05a1e43920a77b2607b6d7502734f70d182b01a8
  CapacitorApp: 3ddbd30ac18c321531c3da5e707b60873d89dd60
  CapacitorBrowser: 3bcddd9dd07cfff9105dcc88ad64853be9862e50
  CapacitorCamera: 6ef67fd287de230ebd8cda05f2a7ffd44a48e568
  CapacitorCommunityAppleSignIn: 59bc8ade5677e6ea60a14bdca8d3f4bdc91069e2
  CapacitorCommunityContacts: 6011b4ace229c2e83ca3f18f00a86384d5ae6a37
  CapacitorCommunityInAppReview: 3469e8228d723797ec890ff8c91cd0882becb0f8
  CapacitorCommunityPrivacyScreen: 4889e5999a4f9a7ce91ee5007c9bed1e651afe33
  CapacitorCordova: 3a4e0027a89a59421c918d19aee9d6ba1c7a3556
  CapacitorGeolocation: de4b0ccf90140528184e31676dd5e3a328eb589a
  CapacitorHaptics: d17da7dd984cae34111b3f097ccd3e21f9feec62
  CapacitorKeyboard: 45cae3956a6f4fb1753f9a4df3e884aeaed8fe82
  CapacitorLocalNotifications: ae0b5008877d68731d693156fe21d786d30a4feb
  CapacitorNetwork: 3d56050f929a8c86427a5b28558ce605e7cf61b3
  CapacitorPreferences: 0fa33b3affebf12d96358b491ed7c2b39bec3270
  CapacitorPushNotifications: c6158ba6f3777f281a675aa43e4011e9723e822b
  CapacitorShare: 14b5d7f0a2c6de86dcad8995da80fb707ee32f62
  CapacitorSplashScreen: 03d04ffe57d5b619cfc162efc7415a965c92cc3f
  CapacitorStatusBar: 4bf126c3c01dbaca8a4e416a29c4899cf91d0626
  CapawesomeCapacitorBadge: 48e5431c8b9909568ac5e5bf24163d92e1d9ed18
  CordovaPlugins: 7995b67f6b1fb574e717ce54458f002dfcc3dcc5
  IONGeolocationLib: 20f9d0248a0b5264511fb57a37e25dd2badf797a

PODFILE CHECKSUM: ef19d6ebb6dbec98b047d87165a20b39eeb78dcb

COCOAPODS: 1.16.2
